
Microsoft Visual Studio Solution File, Format Version 12.00
# Visual Studio Version 16
VisualStudioVersion = 16.0.30503.244
MinimumVisualStudioVersion = 10.0.40219.1
Project("{FAE04EC0-301F-11D3-BF4B-00C04F79EFBC}") = "faltoro", "faltoro\faltoro.csproj", "{A16E1A94-EB22-4B7A-9873-F21ADBA9CEEA}"
EndProject
Global
	GlobalSection(SolutionConfigurationPlatforms) = preSolution
		Debug|Any CPU = Debug|Any CPU
		Release|Any CPU = Release|Any CPU
	EndGlobalSection
	GlobalSection(ProjectConfigurationPlatforms) = postSolution
		{A16E1A94-EB22-4B7A-9873-F21ADBA9CEEA}.Debug|Any CPU.ActiveCfg = Debug|Any CPU
		{A16E1A94-EB22-4B7A-9873-F21ADBA9CEEA}.Debug|Any CPU.Build.0 = Debug|Any CPU
		{A16E1A94-EB22-4B7A-9873-F21ADBA9CEEA}.Release|Any CPU.ActiveCfg = Release|Any CPU
		{A16E1A94-EB22-4B7A-9873-F21ADBA9CEEA}.Release|Any CPU.Build.0 = Release|Any CPU
	EndGlobalSection
	GlobalSection(SolutionProperties) = preSolution
		HideSolutionNode = FALSE
	EndGlobalSection
	GlobalSection(ExtensibilityGlobals) = postSolution
		SolutionGuid = {940C7D52-1C5C-4FAC-9536-D30445C16BDE}
	EndGlobalSection
EndGlobal
